
Microsoft Visual Studio Solution File, Format Version 12.00
# Visual Studio Version 16
VisualStudioVersion = 16.0.32602.290
MinimumVisualStudioVersion = 10.0.40219.1
Project("{FAE04EC0-301F-11D3-BF4B-00C04F79EFBC}") = "Calculadora Basica", "Calculadora Basica.csproj", "{7B32A29B-69EB-4EF7-931A-0F598B702D19}"
EndProject
Global
	GlobalSection(SolutionConfigurationPlatforms) = preSolution
		Debug|Any CPU = Debug|Any CPU
		Release|Any CPU = Release|Any CPU
	EndGlobalSection
	GlobalSection(ProjectConfigurationPlatforms) = postSolution
		{7B32A29B-69EB-4EF7-931A-0F598B702D19}.Debug|Any CPU.ActiveCfg = Debug|Any CPU
		{7B32A29B-69EB-4EF7-931A-0F598B702D19}.Debug|Any CPU.Build.0 = Debug|Any CPU
		{7B32A29B-69EB-4EF7-931A-0F598B702D19}.Release|Any CPU.ActiveCfg = Release|Any CPU
		{7B32A29B-69EB-4EF7-931A-0F598B702D19}.Release|Any CPU.Build.0 = Release|Any CPU
	EndGlobalSection
	GlobalSection(SolutionProperties) = preSolution
		HideSolutionNode = FALSE
	EndGlobalSection
	GlobalSection(ExtensibilityGlobals) = postSolution
		SolutionGuid = {0A92C6FA-DB24-441D-8F02-80A50B136191}
	EndGlobalSection
EndGlobal
